// !$*UTF8*$!
{
	archiveVersion = 1;
	classes = {
	};
	objectVersion = 56;
	objects = {

/* Begin PBXBuildFile section */
		4D4ED4A02A2792AE00E56FE9 /* Incomes.swift in Sources */ = {isa = PBXBuildFile; fileRef = 4D4ED49F2A2792AE00E56FE9 /* Incomes.swift */; };
		4D4ED4A22A27AD6B00E56FE9 /* DateToString.swift in Sources */ = {isa = PBXBuildFile; fileRef = 4D4ED4A12A27AD6B00E56FE9 /* DateToString.swift */; };
		4D4ED4A42A27B12C00E56FE9 /* IncomeTableViewCell.swift in Sources */ = {isa = PBXBuildFile; fileRef = 4D4ED4A32A27B12C00E56FE9 /* IncomeTableViewCell.swift */; };
		4D71774F2A24B95E0082DFA5 /* AppDelegate.swift in Sources */ = {isa = PBXBuildFile; fileRef = 4D71774E2A24B95E0082DFA5 /* AppDelegate.swift */; };
		4D7177512A24B95E0082DFA5 /* SceneDelegate.swift in Sources */ = {isa = PBXBuildFile; fileRef = 4D7177502A24B95E0082DFA5 /* SceneDelegate.swift */; };
		4D7177562A24B95E0082DFA5 /* Main.storyboard in Resources */ = {isa = PBXBuildFile; fileRef = 4D7177542A24B95E0082DFA5 /* Main.storyboard */; };
		4D7177592A24B95E0082DFA5 /* MoneyManager.xcdatamodeld in Sources */ = {isa = PBXBuildFile; fileRef = 4D7177572A24B95E0082DFA5 /* MoneyManager.xcdatamodeld */; };
		4D71775B2A24B95F0082DFA5 /* Assets.xcassets in Resources */ = {isa = PBXBuildFile; fileRef = 4D71775A2A24B95F0082DFA5 /* Assets.xcassets */; };
		4D71775E2A24B95F0082DFA5 /* LaunchScreen.storyboard in Resources */ = {isa = PBXBuildFile; fileRef = 4D71775C2A24B95F0082DFA5 /* LaunchScreen.storyboard */; };
		4D7177672A24D7040082DFA5 /* MoneyManagerTabBarController.swift in Sources */ = {isa = PBXBuildFile; fileRef = 4D7177662A24D7040082DFA5 /* MoneyManagerTabBarController.swift */; };
		4D7177692A250D2B0082DFA5 /* IncomesViewController.swift in Sources */ = {isa = PBXBuildFile; fileRef = 4D7177682A250D2B0082DFA5 /* IncomesViewController.swift */; };
		4D71776B2A250D430082DFA5 /* ExpensesViewController.swift in Sources */ = {isa = PBXBuildFile; fileRef = 4D71776A2A250D430082DFA5 /* ExpensesViewController.swift */; };
		4D71776D2A250D720082DFA5 /* GraphsViewController.swift in Sources */ = {isa = PBXBuildFile; fileRef = 4D71776C2A250D720082DFA5 /* GraphsViewController.swift */; };
		4D7177702A250FA00082DFA5 /* ExtensionForUIColor.swift in Sources */ = {isa = PBXBuildFile; fileRef = 4D71776F2A250FA00082DFA5 /* ExtensionForUIColor.swift */; };
		4D7177732A251C540082DFA5 /* ToggleView.swift in Sources */ = {isa = PBXBuildFile; fileRef = 4D7177722A251C540082DFA5 /* ToggleView.swift */; };
/* End PBXBuildFile section */

/* Begin PBXFileReference section */
		4D4ED49F2A2792AE00E56FE9 /* Incomes.swift */ = {isa = PBXFileReference; lastKnownFileType = sourcecode.swift; path = Incomes.swift; sourceTree = "<group>"; };
		4D4ED4A12A27AD6B00E56FE9 /* DateToString.swift */ = {isa = PBXFileReference; lastKnownFileType = sourcecode.swift; path = DateToString.swift; sourceTree = "<group>"; };
		4D4ED4A32A27B12C00E56FE9 /* IncomeTableViewCell.swift */ = {isa = PBXFileReference; lastKnownFileType = sourcecode.swift; path = IncomeTableViewCell.swift; sourceTree = "<group>"; };
		4D71774B2A24B95E0082DFA5 /* MoneyManager.app */ = {isa = PBXFileReference; explicitFileType = wrapper.application; includeInIndex = 0; path = MoneyManager.app; sourceTree = BUILT_PRODUCTS_DIR; };
		4D71774E2A24B95E0082DFA5 /* AppDelegate.swift */ = {isa = PBXFileReference; lastKnownFileType = sourcecode.swift; path = AppDelegate.swift; sourceTree = "<group>"; };
		4D7177502A24B95E0082DFA5 /* SceneDelegate.swift */ = {isa = PBXFileReference; lastKnownFileType = sourcecode.swift; path = SceneDelegate.swift; sourceTree = "<group>"; };
		4D7177552A24B95E0082DFA5 /* Base */ = {isa = PBXFileReference; lastKnownFileType = file.storyboard; name = Base; path = Base.lproj/Main.storyboard; sourceTree = "<group>"; };
		4D7177582A24B95E0082DFA5 /* MoneyManager.xcdatamodel */ = {isa = PBXFileReference; lastKnownFileType = wrapper.xcdatamodel; path = MoneyManager.xcdatamodel; sourceTree = "<group>"; };
		4D71775A2A24B95F0082DFA5 /* Assets.xcassets */ = {isa = PBXFileReference; lastKnownFileType = folder.assetcatalog; path = Assets.xcassets; sourceTree = "<group>"; };
		4D71775D2A24B95F0082DFA5 /* Base */ = {isa = PBXFileReference; lastKnownFileType = file.storyboard; name = Base; path = Base.lproj/LaunchScreen.storyboard; sourceTree = "<group>"; };
		4D71775F2A24B95F0082DFA5 /* Info.plist */ = {isa = PBXFileReference; lastKnownFileType = text.plist.xml; path = Info.plist; sourceTree = "<group>"; };
		4D7177662A24D7040082DFA5 /* MoneyManagerTabBarController.swift */ = {isa = PBXFileReference; lastKnownFileType = sourcecode.swift; path = MoneyManagerTabBarController.swift; sourceTree = "<group>"; };
		4D7177682A250D2B0082DFA5 /* IncomesViewController.swift */ = {isa = PBXFileReference; lastKnownFileType = sourcecode.swift; path = IncomesViewController.swift; sourceTree = "<group>"; };
		4D71776A2A250D430082DFA5 /* ExpensesViewController.swift */ = {isa = PBXFileReference; lastKnownFileType = sourcecode.swift; path = ExpensesViewController.swift; sourceTree = "<group>"; };
		4D71776C2A250D720082DFA5 /* GraphsViewController.swift */ = {isa = PBXFileReference; lastKnownFileType = sourcecode.swift; path = GraphsViewController.swift; sourceTree = "<group>"; };
		4D71776F2A250FA00082DFA5 /* ExtensionForUIColor.swift */ = {isa = PBXFileReference; lastKnownFileType = sourcecode.swift; path = ExtensionForUIColor.swift; sourceTree = "<group>"; };
		4D7177722A251C540082DFA5 /* ToggleView.swift */ = {isa = PBXFileReference; lastKnownFileType = sourcecode.swift; path = ToggleView.swift; sourceTree = "<group>"; };
/* End PBXFileReference section */

/* Begin PBXFrameworksBuildPhase section */
		4D7177482A24B95E0082DFA5 /* Frameworks */ = {
			isa = PBXFrameworksBuildPhase;
			buildActionMask = 2147483647;
			files = (
			);
			runOnlyForDeploymentPostprocessing = 0;
		};
/* End PBXFrameworksBuildPhase section */

/* Begin PBXGroup section */
		4D4ED49E2A27928E00E56FE9 /* Models */ = {
			isa = PBXGroup;
			children = (
				4D4ED4A12A27AD6B00E56FE9 /* DateToString.swift */,
				4D4ED49F2A2792AE00E56FE9 /* Incomes.swift */,
			);
			path = Models;
			sourceTree = "<group>";
		};
		4D7177422A24B95E0082DFA5 = {
			isa = PBXGroup;
			children = (
				4D71774D2A24B95E0082DFA5 /* MoneyManager */,
				4D71774C2A24B95E0082DFA5 /* Products */,
			);
			sourceTree = "<group>";
		};
		4D71774C2A24B95E0082DFA5 /* Products */ = {
			isa = PBXGroup;
			children = (
				4D71774B2A24B95E0082DFA5 /* MoneyManager.app */,
			);
			name = Products;
			sourceTree = "<group>";
		};
		4D71774D2A24B95E0082DFA5 /* MoneyManager */ = {
			isa = PBXGroup;
			children = (
				4D71774E2A24B95E0082DFA5 /* AppDelegate.swift */,
				4D7177502A24B95E0082DFA5 /* SceneDelegate.swift */,
				4D4ED49E2A27928E00E56FE9 /* Models */,
				4D71776E2A250F480082DFA5 /* Extension */,
				4D7177652A24D6970082DFA5 /* Controllers */,
				4D7177712A251C1A0082DFA5 /* Views */,
				4D7177542A24B95E0082DFA5 /* Main.storyboard */,
				4D71775C2A24B95F0082DFA5 /* LaunchScreen.storyboard */,
				4D71775A2A24B95F0082DFA5 /* Assets.xcassets */,
				4D71775F2A24B95F0082DFA5 /* Info.plist */,
				4D7177572A24B95E0082DFA5 /* MoneyManager.xcdatamodeld */,
			);
			path = MoneyManager;
			sourceTree = "<group>";
		};
		4D7177652A24D6970082DFA5 /* Controllers */ = {
			isa = PBXGroup;
			children = (
				4D7177662A24D7040082DFA5 /* MoneyManagerTabBarController.swift */,
				4D7177682A250D2B0082DFA5 /* IncomesViewController.swift */,
				4D71776A2A250D430082DFA5 /* ExpensesViewController.swift */,
				4D71776C2A250D720082DFA5 /* GraphsViewController.swift */,
			);
			path = Controllers;
			sourceTree = "<group>";
		};
		4D71776E2A250F480082DFA5 /* Extension */ = {
			isa = PBXGroup;
			children = (
				4D71776F2A250FA00082DFA5 /* ExtensionForUIColor.swift */,
			);
			path = Extension;
			sourceTree = "<group>";
		};
		4D7177712A251C1A0082DFA5 /* Views */ = {
			isa = PBXGroup;
			children = (
				4D4ED4A32A27B12C00E56FE9 /* IncomeTableViewCell.swift */,
				4D7177722A251C540082DFA5 /* ToggleView.swift */,
			);
			path = Views;
			sourceTree = "<group>";
		};
/* End PBXGroup section */

/* Begin PBXNativeTarget section */
		4D71774A2A24B95E0082DFA5 /* MoneyManager */ = {
			isa = PBXNativeTarget;
			buildConfigurationList = 4D7177622A24B95F0082DFA5 /* Build configuration list for PBXNativeTarget "MoneyManager" */;
			buildPhases = (
				4D7177472A24B95E0082DFA5 /* Sources */,
				4D7177482A24B95E0082DFA5 /* Frameworks */,
				4D7177492A24B95E0082DFA5 /* Resources */,
			);
			buildRules = (
			);
			dependencies = (
			);
			name = MoneyManager;
			productName = MoneyManager;
			productReference = 4D71774B2A24B95E0082DFA5 /* MoneyManager.app */;
			productType = "com.apple.product-type.application";
		};
/* End PBXNativeTarget section */

/* Begin PBXProject section */
		4D7177432A24B95E0082DFA5 /* Project object */ = {
			isa = PBXProject;
			attributes = {
				BuildIndependentTargetsInParallel = 1;
				LastSwiftUpdateCheck = 1420;
				LastUpgradeCheck = 1420;
				TargetAttributes = {
					4D71774A2A24B95E0082DFA5 = {
						CreatedOnToolsVersion = 14.2;
					};
				};
			};
			buildConfigurationList = 4D7177462A24B95E0082DFA5 /* Build configuration list for PBXProject "MoneyManager" */;
			compatibilityVersion = "Xcode 14.0";
			developmentRegion = en;
			hasScannedForEncodings = 0;
			knownRegions = (
				en,
				Base,
			);
			mainGroup = 4D7177422A24B95E0082DFA5;
			productRefGroup = 4D71774C2A24B95E0082DFA5 /* Products */;
			projectDirPath = "";
			projectRoot = "";
			targets = (
				4D71774A2A24B95E0082DFA5 /* MoneyManager */,
			);
		};
/* End PBXProject section */

/* Begin PBXResourcesBuildPhase section */
		4D7177492A24B95E0082DFA5 /* Resources */ = {
			isa = PBXResourcesBuildPhase;
			buildActionMask = 2147483647;
			files = (
				4D71775E2A24B95F0082DFA5 /* LaunchScreen.storyboard in Resources */,
				4D71775B2A24B95F0082DFA5 /* Assets.xcassets in Resources */,
				4D7177562A24B95E0082DFA5 /* Main.storyboard in Resources */,
			);
			runOnlyForDeploymentPostprocessing = 0;
		};
/* End PBXResourcesBuildPhase section */

/* Begin PBXSourcesBuildPhase section */
		4D7177472A24B95E0082DFA5 /* Sources */ = {
			isa = PBXSourcesBuildPhase;
			buildActionMask = 2147483647;
			files = (
				4D7177692A250D2B0082DFA5 /* IncomesViewController.swift in Sources */,
				4D7177592A24B95E0082DFA5 /* MoneyManager.xcdatamodeld in Sources */,
				4D4ED4A42A27B12C00E56FE9 /* IncomeTableViewCell.swift in Sources */,
				4D71774F2A24B95E0082DFA5 /* AppDelegate.swift in Sources */,
				4D7177672A24D7040082DFA5 /* MoneyManagerTabBarController.swift in Sources */,
				4D71776D2A250D720082DFA5 /* GraphsViewController.swift in Sources */,
				4D7177702A250FA00082DFA5 /* ExtensionForUIColor.swift in Sources */,
				4D4ED4A02A2792AE00E56FE9 /* Incomes.swift in Sources */,
				4D4ED4A22A27AD6B00E56FE9 /* DateToString.swift in Sources */,
				4D7177512A24B95E0082DFA5 /* SceneDelegate.swift in Sources */,
				4D7177732A251C540082DFA5 /* ToggleView.swift in Sources */,
				4D71776B2A250D430082DFA5 /* ExpensesViewController.swift in Sources */,
			);
			runOnlyForDeploymentPostprocessing = 0;
		};
/* End PBXSourcesBuildPhase section */

/* Begin PBXVariantGroup section */
		4D7177542A24B95E0082DFA5 /* Main.storyboard */ = {
			isa = PBXVariantGroup;
			children = (
				4D7177552A24B95E0082DFA5 /* Base */,
			);
			name = Main.storyboard;
			sourceTree = "<group>";
		};
		4D71775C2A24B95F0082DFA5 /* LaunchScreen.storyboard */ = {
			isa = PBXVariantGroup;
			children = (
				4D71775D2A24B95F0082DFA5 /* Base */,
			);
			name = LaunchScreen.storyboard;
			sourceTree = "<group>";
		};
/* End PBXVariantGroup section */

/* Begin XCBuildConfiguration section */
		4D7177602A24B95F0082DFA5 /* Debug */ = {
			isa = XCBuildConfiguration;
			buildSettings = {
				ALWAYS_SEARCH_USER_PATHS = NO;
				CLANG_ANALYZER_NONNULL = YES;
				CLANG_ANALYZER_NUMBER_OBJECT_CONVERSION = YES_AGGRESSIVE;
				CLANG_CXX_LANGUAGE_STANDARD = "gnu++20";
				CLANG_ENABLE_MODULES = YES;
				CLANG_ENABLE_OBJC_ARC = YES;
				CLANG_ENABLE_OBJC_WEAK = YES;
				CLANG_WARN_BLOCK_CAPTURE_AUTORELEASING = YES;
				CLANG_WARN_BOOL_CONVERSION = YES;
				CLANG_WARN_COMMA = YES;
				CLANG_WARN_CONSTANT_CONVERSION = YES;
				CLANG_WARN_DEPRECATED_OBJC_IMPLEMENTATIONS = YES;
				CLANG_WARN_DIRECT_OBJC_ISA_USAGE = YES_ERROR;
				CLANG_WARN_DOCUMENTATION_COMMENTS = YES;
				CLANG_WARN_EMPTY_BODY = YES;
				CLANG_WARN_ENUM_CONVERSION = YES;
				CLANG_WARN_INFINITE_RECURSION = YES;
				CLANG_WARN_INT_CONVERSION = YES;
				CLANG_WARN_NON_LITERAL_NULL_CONVERSION = YES;
				CLANG_WARN_OBJC_IMPLICIT_RETAIN_SELF = YES;
				CLANG_WARN_OBJC_LITERAL_CONVERSION = YES;
				CLANG_WARN_OBJC_ROOT_CLASS = YES_ERROR;
				CLANG_WARN_QUOTED_INCLUDE_IN_FRAMEWORK_HEADER = YES;
				CLANG_WARN_RANGE_LOOP_ANALYSIS = YES;
				CLANG_WARN_STRICT_PROTOTYPES = YES;
				CLANG_WARN_SUSPICIOUS_MOVE = YES;
				CLANG_WARN_UNGUARDED_AVAILABILITY = YES_AGGRESSIVE;
				CLANG_WARN_UNREACHABLE_CODE = YES;
				CLANG_WARN__DUPLICATE_METHOD_MATCH = YES;
				COPY_PHASE_STRIP = NO;
				DEBUG_INFORMATION_FORMAT = dwarf;
				ENABLE_STRICT_OBJC_MSGSEND = YES;
				ENABLE_TESTABILITY = YES;
				GCC_C_LANGUAGE_STANDARD = gnu11;
				GCC_DYNAMIC_NO_PIC = NO;
				GCC_NO_COMMON_BLOCKS = YES;
				GCC_OPTIMIZATION_LEVEL = 0;
				GCC_PREPROCESSOR_DEFINITIONS = (
					"DEBUG=1",
					"$(inherited)",
				);
				GCC_WARN_64_TO_32_BIT_CONVERSION = YES;
				GCC_WARN_ABOUT_RETURN_TYPE = YES_ERROR;
				GCC_WARN_UNDECLARED_SELECTOR = YES;
				GCC_WARN_UNINITIALIZED_AUTOS = YES_AGGRESSIVE;
				GCC_WARN_UNUSED_FUNCTION = YES;
				GCC_WARN_UNUSED_VARIABLE = YES;
				IPHONEOS_DEPLOYMENT_TARGET = 16.2;
				MTL_ENABLE_DEBUG_INFO = INCLUDE_SOURCE;
				MTL_FAST_MATH = YES;
				ONLY_ACTIVE_ARCH = YES;
				SDKROOT = iphoneos;
				SWIFT_ACTIVE_COMPILATION_CONDITIONS = DEBUG;
				SWIFT_OPTIMIZATION_LEVEL = "-Onone";
			};
			name = Debug;
		};
		4D7177612A24B95F0082DFA5 /* Release */ = {
			isa = XCBuildConfiguration;
			buildSettings = {
				ALWAYS_SEARCH_USER_PATHS = NO;
				CLANG_ANALYZER_NONNULL = YES;
				CLANG_ANALYZER_NUMBER_OBJECT_CONVERSION = YES_AGGRESSIVE;
				CLANG_CXX_LANGUAGE_STANDARD = "gnu++20";
				CLANG_ENABLE_MODULES = YES;
				CLANG_ENABLE_OBJC_ARC = YES;
				CLANG_ENABLE_OBJC_WEAK = YES;
				CLANG_WARN_BLOCK_CAPTURE_AUTORELEASING = YES;
				CLANG_WARN_BOOL_CONVERSION = YES;
				CLANG_WARN_COMMA = YES;
				CLANG_WARN_CONSTANT_CONVERSION = YES;
				CLANG_WARN_DEPRECATED_OBJC_IMPLEMENTATIONS = YES;
				CLANG_WARN_DIRECT_OBJC_ISA_USAGE = YES_ERROR;
				CLANG_WARN_DOCUMENTATION_COMMENTS = YES;
				CLANG_WARN_EMPTY_BODY = YES;
				CLANG_WARN_ENUM_CONVERSION = YES;
				CLANG_WARN_INFINITE_RECURSION = YES;
				CLANG_WARN_INT_CONVERSION = YES;
				CLANG_WARN_NON_LITERAL_NULL_CONVERSION = YES;
				CLANG_WARN_OBJC_IMPLICIT_RETAIN_SELF = YES;
				CLANG_WARN_OBJC_LITERAL_CONVERSION = YES;
				CLANG_WARN_OBJC_ROOT_CLASS = YES_ERROR;
				CLANG_WARN_QUOTED_INCLUDE_IN_FRAMEWORK_HEADER = YES;
				CLANG_WARN_RANGE_LOOP_ANALYSIS = YES;
				CLANG_WARN_STRICT_PROTOTYPES = YES;
				CLANG_WARN_SUSPICIOUS_MOVE = YES;
				CLANG_WARN_UNGUARDED_AVAILABILITY = YES_AGGRESSIVE;
				CLANG_WARN_UNREACHABLE_CODE = YES;
				CLANG_WARN__DUPLICATE_METHOD_MATCH = YES;
				COPY_PHASE_STRIP = NO;
				DEBUG_INFORMATION_FORMAT = "dwarf-with-dsym";
				ENABLE_NS_ASSERTIONS = NO;
				ENABLE_STRICT_OBJC_MSGSEND = YES;
				GCC_C_LANGUAGE_STANDARD = gnu11;
				GCC_NO_COMMON_BLOCKS = YES;
				GCC_WARN_64_TO_32_BIT_CONVERSION = YES;
				GCC_WARN_ABOUT_RETURN_TYPE = YES_ERROR;
				GCC_WARN_UNDECLARED_SELECTOR = YES;
				GCC_WARN_UNINITIALIZED_AUTOS = YES_AGGRESSIVE;
				GCC_WARN_UNUSED_FUNCTION = YES;
				GCC_WARN_UNUSED_VARIABLE = YES;
				IPHONEOS_DEPLOYMENT_TARGET = 16.2;
				MTL_ENABLE_DEBUG_INFO = NO;
				MTL_FAST_MATH = YES;
				SDKROOT = iphoneos;
				SWIFT_COMPILATION_MODE = wholemodule;
				SWIFT_OPTIMIZATION_LEVEL = "-O";
				VALIDATE_PRODUCT = YES;
			};
			name = Release;
		};
		4D7177632A24B95F0082DFA5 /* Debug */ = {
			isa = XCBuildConfiguration;
			buildSettings = {
				ASSETCATALOG_COMPILER_APPICON_NAME = AppIcon;
				ASSETCATALOG_COMPILER_GLOBAL_ACCENT_COLOR_NAME = AccentColor;
				CODE_SIGN_STYLE = Automatic;
				CURRENT_PROJECT_VERSION = 1;
				DEVELOPMENT_TEAM = SR6T9Z9RAZ;
				GENERATE_INFOPLIST_FILE = YES;
				INFOPLIST_FILE = MoneyManager/Info.plist;
				INFOPLIST_KEY_LSApplicationCategoryType = "public.app-category.finance";
				INFOPLIST_KEY_UIApplicationSupportsIndirectInputEvents = YES;
				INFOPLIST_KEY_UILaunchStoryboardName = LaunchScreen.storyboard;
				INFOPLIST_KEY_UIMainStoryboardFile = Main;
				INFOPLIST_KEY_UIStatusBarStyle = "";
				INFOPLIST_KEY_UISupportedInterfaceOrientations = UIInterfaceOrientationPortrait;
				INFOPLIST_KEY_UISupportedInterfaceOrientations_iPad = "UIInterfaceOrientationLandscapeLeft UIInterfaceOrientationLandscapeRight UIInterfaceOrientationPortrait UIInterfaceOrientationPortraitUpsideDown";
				IPHONEOS_DEPLOYMENT_TARGET = 13.0;
				LD_RUNPATH_SEARCH_PATHS = (
					"$(inherited)",
					"@executable_path/Frameworks",
				);
				MARKETING_VERSION = 1.0;
				PRODUCT_BUNDLE_IDENTIFIER = JediClan.MoneyManager;
				PRODUCT_NAME = "$(TARGET_NAME)";
				SUPPORTED_PLATFORMS = "iphoneos iphonesimulator";
				SUPPORTS_MACCATALYST = NO;
				SUPPORTS_MAC_DESIGNED_FOR_IPHONE_IPAD = NO;
				SWIFT_EMIT_LOC_STRINGS = YES;
				SWIFT_VERSION = 5.0;
				TARGETED_DEVICE_FAMILY = 1;
			};
			name = Debug;
		};
		4D7177642A24B95F0082DFA5 /* Release */ = {
			isa = XCBuildConfiguration;
			buildSettings = {
				ASSETCATALOG_COMPILER_APPICON_NAME = AppIcon;
				ASSETCATALOG_COMPILER_GLOBAL_ACCENT_COLOR_NAME = AccentColor;
				CODE_SIGN_STYLE = Automatic;
				CURRENT_PROJECT_VERSION = 1;
				DEVELOPMENT_TEAM = SR6T9Z9RAZ;
				GENERATE_INFOPLIST_FILE = YES;
				INFOPLIST_FILE = MoneyManager/Info.plist;
				INFOPLIST_KEY_LSApplicationCategoryType = "public.app-category.finance";
				INFOPLIST_KEY_UIApplicationSupportsIndirectInputEvents = YES;
				INFOPLIST_KEY_UILaunchStoryboardName = LaunchScreen.storyboard;
				INFOPLIST_KEY_UIMainStoryboardFile = Main;
				INFOPLIST_KEY_UIStatusBarStyle = "";
				INFOPLIST_KEY_UISupportedInterfaceOrientations = UIInterfaceOrientationPortrait;
				INFOPLIST_KEY_UISupportedInterfaceOrientations_iPad = "UIInterfaceOrientationLandscapeLeft UIInterfaceOrientationLandscapeRight UIInterfaceOrientationPortrait UIInterfaceOrientationPortraitUpsideDown";
				IPHONEOS_DEPLOYMENT_TARGET = 13.0;
				LD_RUNPATH_SEARCH_PATHS = (
					"$(inherited)",
					"@executable_path/Frameworks",
				);
				MARKETING_VERSION = 1.0;
				PRODUCT_BUNDLE_IDENTIFIER = JediClan.MoneyManager;
				PRODUCT_NAME = "$(TARGET_NAME)";
				SUPPORTED_PLATFORMS = "iphoneos iphonesimulator";
				SUPPORTS_MACCATALYST = NO;
				SUPPORTS_MAC_DESIGNED_FOR_IPHONE_IPAD = NO;
				SWIFT_EMIT_LOC_STRINGS = YES;
				SWIFT_VERSION = 5.0;
				TARGETED_DEVICE_FAMILY = 1;
			};
			name = Release;
		};
/* End XCBuildConfiguration section */

/* Begin XCConfigurationList section */
		4D7177462A24B95E0082DFA5 /* Build configuration list for PBXProject "MoneyManager" */ = {
			isa = XCConfigurationList;
			buildConfigurations = (
				4D7177602A24B95F0082DFA5 /* Debug */,
				4D7177612A24B95F0082DFA5 /* Release */,
			);
			defaultConfigurationIsVisible = 0;
			defaultConfigurationName = Release;
		};
		4D7177622A24B95F0082DFA5 /* Build configuration list for PBXNativeTarget "MoneyManager" */ = {
			isa = XCConfigurationList;
			buildConfigurations = (
				4D7177632A24B95F0082DFA5 /* Debug */,
				4D7177642A24B95F0082DFA5 /* Release */,
			);
			defaultConfigurationIsVisible = 0;
			defaultConfigurationName = Release;
		};
/* End XCConfigurationList section */

/* Begin XCVersionGroup section */
		4D7177572A24B95E0082DFA5 /* MoneyManager.xcdatamodeld */ = {
			isa = XCVersionGroup;
			children = (
				4D7177582A24B95E0082DFA5 /* MoneyManager.xcdatamodel */,
			);
			currentVersion = 4D7177582A24B95E0082DFA5 /* MoneyManager.xcdatamodel */;
			path = MoneyManager.xcdatamodeld;
			sourceTree = "<group>";
			versionGroupType = wrapper.xcdatamodel;
		};
/* End XCVersionGroup section */
	};
	rootObject = 4D7177432A24B95E0082DFA5 /* Project object */;
}
